
Microsoft Visual Studio Solution File, Format Version 12.00
# Visual Studio Version 17
VisualStudioVersion = 17.4.33213.308
MinimumVisualStudioVersion = 10.0.40219.1
Project("{FAE04EC0-301F-11D3-BF4B-00C04F79EFBC}") = "DndApi.Server", "Server\DndApi.Server.csproj", "{C774D52E-4D43-4527-97DF-5DE7FC38206D}"
EndProject
Project("{FAE04EC0-301F-11D3-BF4B-00C04F79EFBC}") = "DndApi.Client", "Client\DndApi.Client.csproj", "{53C26A58-FC1F-4792-8AE9-4654F263E7C8}"
EndProject
Project("{FAE04EC0-301F-11D3-BF4B-00C04F79EFBC}") = "DndApi.Shared", "Shared\DndApi.Shared.csproj", "{D530724A-72DD-4364-AD23-0955860BD749}"
EndProject
Global
	GlobalSection(SolutionConfigurationPlatforms) = preSolution
		Debug|Any CPU = Debug|Any CPU
		Release|Any CPU = Release|Any CPU
	EndGlobalSection
	GlobalSection(ProjectConfigurationPlatforms) = postSolution
		{C774D52E-4D43-4527-97DF-5DE7FC38206D}.Debug|Any CPU.ActiveCfg = Debug|Any CPU
		{C774D52E-4D43-4527-97DF-5DE7FC38206D}.Debug|Any CPU.Build.0 = Debug|Any CPU
		{C774D52E-4D43-4527-97DF-5DE7FC38206D}.Release|Any CPU.ActiveCfg = Release|Any CPU
		{C774D52E-4D43-4527-97DF-5DE7FC38206D}.Release|Any CPU.Build.0 = Release|Any CPU
		{53C26A58-FC1F-4792-8AE9-4654F263E7C8}.Debug|Any CPU.ActiveCfg = Debug|Any CPU
		{53C26A58-FC1F-4792-8AE9-4654F263E7C8}.Debug|Any CPU.Build.0 = Debug|Any CPU
		{53C26A58-FC1F-4792-8AE9-4654F263E7C8}.Release|Any CPU.ActiveCfg = Release|Any CPU
		{53C26A58-FC1F-4792-8AE9-4654F263E7C8}.Release|Any CPU.Build.0 = Release|Any CPU
		{D530724A-72DD-4364-AD23-0955860BD749}.Debug|Any CPU.ActiveCfg = Debug|Any CPU
		{D530724A-72DD-4364-AD23-0955860BD749}.Debug|Any CPU.Build.0 = Debug|Any CPU
		{D530724A-72DD-4364-AD23-0955860BD749}.Release|Any CPU.ActiveCfg = Release|Any CPU
		{D530724A-72DD-4364-AD23-0955860BD749}.Release|Any CPU.Build.0 = Release|Any CPU
	EndGlobalSection
	GlobalSection(SolutionProperties) = preSolution
		HideSolutionNode = FALSE
	EndGlobalSection
	GlobalSection(ExtensibilityGlobals) = postSolution
		SolutionGuid = {07F251B6-3C22-46FB-AE77-CCB6C081D43A}
	EndGlobalSection
EndGlobal
